
Microsoft Visual Studio Solution File, Format Version 12.00
# Visual Studio 14
VisualStudioVersion = 14.0.24720.0
MinimumVisualStudioVersion = 10.0.40219.1
Project("{F184B08F-C81C-45F6-A57F-5ABD9991F28F}") = "WindowsApplication1", "WindowsApplication1\WindowsApplication1.vbproj", "{1BBFD7DE-5087-45D1-950E-B2DC1AD0DC1D}"
EndProject
Global
	GlobalSection(SolutionConfigurationPlatforms) = preSolution
		Debug|Any CPU = Debug|Any CPU
		Release|Any CPU = Release|Any CPU
	EndGlobalSection
	GlobalSection(ProjectConfigurationPlatforms) = postSolution
		{1BBFD7DE-5087-45D1-950E-B2DC1AD0DC1D}.Debug|Any CPU.ActiveCfg = Debug|Any CPU
		{1BBFD7DE-5087-45D1-950E-B2DC1AD0DC1D}.Debug|Any CPU.Build.0 = Debug|Any CPU
		{1BBFD7DE-5087-45D1-950E-B2DC1AD0DC1D}.Release|Any CPU.ActiveCfg = Release|Any CPU
		{1BBFD7DE-5087-45D1-950E-B2DC1AD0DC1D}.Release|Any CPU.Build.0 = Release|Any CPU
	EndGlobalSection
	GlobalSection(SolutionProperties) = preSolution
		HideSolutionNode = FALSE
	EndGlobalSection
EndGlobal
